
Microsoft Visual Studio Solution File, Format Version 12.00
# Visual Studio Version 17
VisualStudioVersion = 17.3.32804.467
MinimumVisualStudioVersion = 10.0.40219.1
Project("{2150E333-8FDC-42A3-9474-1A3956D46DE8}") = "src", "src", "{FDF629E9-3381-49FD-A805-A6E9118BD01C}"
EndProject
Project("{2150E333-8FDC-42A3-9474-1A3956D46DE8}") = "corePackages", "corePackages", "{B35307D9-899A-4208-9C7A-8C29F5571B86}"
EndProject
Project("{9A19103F-16F7-4668-BE54-9A1E7A4F7556}") = "Core.Application", "src\corePackages\Core.Application\Core.Application.csproj", "{E62B1040-43F0-4CE3-905D-CF9DC84B3FD4}"
EndProject
Project("{9A19103F-16F7-4668-BE54-9A1E7A4F7556}") = "Core.CrossCuttingConcerns", "src\corePackages\Core.CrossCuttingConcerns\Core.CrossCuttingConcerns.csproj", "{F3116AB1-CA31-44BC-9E56-FEC95001FB6A}"
EndProject
Project("{9A19103F-16F7-4668-BE54-9A1E7A4F7556}") = "Core.ElasticSearch", "src\corePackages\Core.ElasticSearch\Core.ElasticSearch.csproj", "{5E2869CF-6A36-4EFB-8DB9-F92E07227041}"
EndProject
Project("{9A19103F-16F7-4668-BE54-9A1E7A4F7556}") = "Core.Mailing", "src\corePackages\Core.Mailing\Core.Mailing.csproj", "{D79CD7E2-CB0E-4CB9-992A-706137CF4645}"
EndProject
Project("{9A19103F-16F7-4668-BE54-9A1E7A4F7556}") = "Core.Persistence", "src\corePackages\Core.Persistence\Core.Persistence.csproj", "{18F9D1DE-12B1-4AE4-89DB-BD3000764CDB}"
EndProject
Project("{9A19103F-16F7-4668-BE54-9A1E7A4F7556}") = "Core.Security", "src\corePackages\Core.Security\Core.Security.csproj", "{44FD0593-A11F-4212-8C0E-5684D3AE7AB3}"
EndProject
Project("{2150E333-8FDC-42A3-9474-1A3956D46DE8}") = "demoProjects", "demoProjects", "{DD445F23-7EEC-43FF-898E-166E62854D9D}"
EndProject
Project("{2150E333-8FDC-42A3-9474-1A3956D46DE8}") = "kodlamaIoProject", "kodlamaIoProject", "{4171D549-ED73-4A0B-80FA-1345F60EF92F}"
EndProject
Project("{FAE04EC0-301F-11D3-BF4B-00C04F79EFBC}") = "Application", "src\demoProjects\kodlamaIoProject\Application\Application.csproj", "{A3F47437-DEDB-4FCB-A48D-21663D2E0DDF}"
EndProject
Project("{FAE04EC0-301F-11D3-BF4B-00C04F79EFBC}") = "Domain", "src\demoProjects\kodlamaIoProject\Domain\Domain.csproj", "{58E0C13A-FCDB-4B5F-B32B-B98CA0835756}"
EndProject
Project("{FAE04EC0-301F-11D3-BF4B-00C04F79EFBC}") = "Infrastructure", "src\demoProjects\kodlamaIoProject\Infrastructure\Infrastructure.csproj", "{7106061B-89F2-4529-8669-136E88910C9F}"
EndProject
Project("{FAE04EC0-301F-11D3-BF4B-00C04F79EFBC}") = "Persistence", "src\demoProjects\kodlamaIoProject\Persistence\Persistence.csproj", "{1FBE0A44-0BBE-40E0-8A12-CAAA75FDD84A}"
EndProject
Project("{FAE04EC0-301F-11D3-BF4B-00C04F79EFBC}") = "WebAPI", "src\demoProjects\kodlamaIoProject\WebAPI\WebAPI.csproj", "{2367DD6E-B973-4B49-9A82-67BFC7FD8570}"
EndProject
Global
	GlobalSection(SolutionConfigurationPlatforms) = preSolution
		Debug|Any CPU = Debug|Any CPU
		Release|Any CPU = Release|Any CPU
	EndGlobalSection
	GlobalSection(ProjectConfigurationPlatforms) = postSolution
		{E62B1040-43F0-4CE3-905D-CF9DC84B3FD4}.Debug|Any CPU.ActiveCfg = Debug|Any CPU
		{E62B1040-43F0-4CE3-905D-CF9DC84B3FD4}.Debug|Any CPU.Build.0 = Debug|Any CPU
		{E62B1040-43F0-4CE3-905D-CF9DC84B3FD4}.Release|Any CPU.ActiveCfg = Release|Any CPU
		{E62B1040-43F0-4CE3-905D-CF9DC84B3FD4}.Release|Any CPU.Build.0 = Release|Any CPU
		{F3116AB1-CA31-44BC-9E56-FEC95001FB6A}.Debug|Any CPU.ActiveCfg = Debug|Any CPU
		{F3116AB1-CA31-44BC-9E56-FEC95001FB6A}.Debug|Any CPU.Build.0 = Debug|Any CPU
		{F3116AB1-CA31-44BC-9E56-FEC95001FB6A}.Release|Any CPU.ActiveCfg = Release|Any CPU
		{F3116AB1-CA31-44BC-9E56-FEC95001FB6A}.Release|Any CPU.Build.0 = Release|Any CPU
		{5E2869CF-6A36-4EFB-8DB9-F92E07227041}.Debug|Any CPU.ActiveCfg = Debug|Any CPU
		{5E2869CF-6A36-4EFB-8DB9-F92E07227041}.Debug|Any CPU.Build.0 = Debug|Any CPU
		{5E2869CF-6A36-4EFB-8DB9-F92E07227041}.Release|Any CPU.ActiveCfg = Release|Any CPU
		{5E2869CF-6A36-4EFB-8DB9-F92E07227041}.Release|Any CPU.Build.0 = Release|Any CPU
		{D79CD7E2-CB0E-4CB9-992A-706137CF4645}.Debug|Any CPU.ActiveCfg = Debug|Any CPU
		{D79CD7E2-CB0E-4CB9-992A-706137CF4645}.Debug|Any CPU.Build.0 = Debug|Any CPU
		{D79CD7E2-CB0E-4CB9-992A-706137CF4645}.Release|Any CPU.ActiveCfg = Release|Any CPU
		{D79CD7E2-CB0E-4CB9-992A-706137CF4645}.Release|Any CPU.Build.0 = Release|Any CPU
		{18F9D1DE-12B1-4AE4-89DB-BD3000764CDB}.Debug|Any CPU.ActiveCfg = Debug|Any CPU
		{18F9D1DE-12B1-4AE4-89DB-BD3000764CDB}.Debug|Any CPU.Build.0 = Debug|Any CPU
		{18F9D1DE-12B1-4AE4-89DB-BD3000764CDB}.Release|Any CPU.ActiveCfg = Release|Any CPU
		{18F9D1DE-12B1-4AE4-89DB-BD3000764CDB}.Release|Any CPU.Build.0 = Release|Any CPU
		{44FD0593-A11F-4212-8C0E-5684D3AE7AB3}.Debug|Any CPU.ActiveCfg = Debug|Any CPU
		{44FD0593-A11F-4212-8C0E-5684D3AE7AB3}.Debug|Any CPU.Build.0 = Debug|Any CPU
		{44FD0593-A11F-4212-8C0E-5684D3AE7AB3}.Release|Any CPU.ActiveCfg = Release|Any CPU
		{44FD0593-A11F-4212-8C0E-5684D3AE7AB3}.Release|Any CPU.Build.0 = Release|Any CPU
		{A3F47437-DEDB-4FCB-A48D-21663D2E0DDF}.Debug|Any CPU.ActiveCfg = Debug|Any CPU
		{A3F47437-DEDB-4FCB-A48D-21663D2E0DDF}.Debug|Any CPU.Build.0 = Debug|Any CPU
		{A3F47437-DEDB-4FCB-A48D-21663D2E0DDF}.Release|Any CPU.ActiveCfg = Release|Any CPU
		{A3F47437-DEDB-4FCB-A48D-21663D2E0DDF}.Release|Any CPU.Build.0 = Release|Any CPU
		{58E0C13A-FCDB-4B5F-B32B-B98CA0835756}.Debug|Any CPU.ActiveCfg = Debug|Any CPU
		{58E0C13A-FCDB-4B5F-B32B-B98CA0835756}.Debug|Any CPU.Build.0 = Debug|Any CPU
		{58E0C13A-FCDB-4B5F-B32B-B98CA0835756}.Release|Any CPU.ActiveCfg = Release|Any CPU
		{58E0C13A-FCDB-4B5F-B32B-B98CA0835756}.Release|Any CPU.Build.0 = Release|Any CPU
		{7106061B-89F2-4529-8669-136E88910C9F}.Debug|Any CPU.ActiveCfg = Debug|Any CPU
		{7106061B-89F2-4529-8669-136E88910C9F}.Debug|Any CPU.Build.0 = Debug|Any CPU
		{7106061B-89F2-4529-8669-136E88910C9F}.Release|Any CPU.ActiveCfg = Release|Any CPU
		{7106061B-89F2-4529-8669-136E88910C9F}.Release|Any CPU.Build.0 = Release|Any CPU
		{1FBE0A44-0BBE-40E0-8A12-CAAA75FDD84A}.Debug|Any CPU.ActiveCfg = Debug|Any CPU
		{1FBE0A44-0BBE-40E0-8A12-CAAA75FDD84A}.Debug|Any CPU.Build.0 = Debug|Any CPU
		{1FBE0A44-0BBE-40E0-8A12-CAAA75FDD84A}.Release|Any CPU.ActiveCfg = Release|Any CPU
		{1FBE0A44-0BBE-40E0-8A12-CAAA75FDD84A}.Release|Any CPU.Build.0 = Release|Any CPU
		{2367DD6E-B973-4B49-9A82-67BFC7FD8570}.Debug|Any CPU.ActiveCfg = Debug|Any CPU
		{2367DD6E-B973-4B49-9A82-67BFC7FD8570}.Debug|Any CPU.Build.0 = Debug|Any CPU
		{2367DD6E-B973-4B49-9A82-67BFC7FD8570}.Release|Any CPU.ActiveCfg = Release|Any CPU
		{2367DD6E-B973-4B49-9A82-67BFC7FD8570}.Release|Any CPU.Build.0 = Release|Any CPU
	EndGlobalSection
	GlobalSection(SolutionProperties) = preSolution
		HideSolutionNode = FALSE
	EndGlobalSection
	GlobalSection(NestedProjects) = preSolution
		{B35307D9-899A-4208-9C7A-8C29F5571B86} = {FDF629E9-3381-49FD-A805-A6E9118BD01C}
		{E62B1040-43F0-4CE3-905D-CF9DC84B3FD4} = {B35307D9-899A-4208-9C7A-8C29F5571B86}
		{F3116AB1-CA31-44BC-9E56-FEC95001FB6A} = {B35307D9-899A-4208-9C7A-8C29F5571B86}
		{5E2869CF-6A36-4EFB-8DB9-F92E07227041} = {B35307D9-899A-4208-9C7A-8C29F5571B86}
		{D79CD7E2-CB0E-4CB9-992A-706137CF4645} = {B35307D9-899A-4208-9C7A-8C29F5571B86}
		{18F9D1DE-12B1-4AE4-89DB-BD3000764CDB} = {B35307D9-899A-4208-9C7A-8C29F5571B86}
		{44FD0593-A11F-4212-8C0E-5684D3AE7AB3} = {B35307D9-899A-4208-9C7A-8C29F5571B86}
		{DD445F23-7EEC-43FF-898E-166E62854D9D} = {FDF629E9-3381-49FD-A805-A6E9118BD01C}
		{4171D549-ED73-4A0B-80FA-1345F60EF92F} = {DD445F23-7EEC-43FF-898E-166E62854D9D}
		{A3F47437-DEDB-4FCB-A48D-21663D2E0DDF} = {4171D549-ED73-4A0B-80FA-1345F60EF92F}
		{58E0C13A-FCDB-4B5F-B32B-B98CA0835756} = {4171D549-ED73-4A0B-80FA-1345F60EF92F}
		{7106061B-89F2-4529-8669-136E88910C9F} = {4171D549-ED73-4A0B-80FA-1345F60EF92F}
		{1FBE0A44-0BBE-40E0-8A12-CAAA75FDD84A} = {4171D549-ED73-4A0B-80FA-1345F60EF92F}
		{2367DD6E-B973-4B49-9A82-67BFC7FD8570} = {4171D549-ED73-4A0B-80FA-1345F60EF92F}
	EndGlobalSection
	GlobalSection(ExtensibilityGlobals) = postSolution
		SolutionGuid = {B03B7645-F45C-451D-B277-8A81D55AD1EA}
	EndGlobalSection
EndGlobal
